
Microsoft Visual Studio Solution File, Format Version 12.00
Project("{FAE04EC0-301F-11D3-BF4B-00C04F79EFBC}") = "RemoteHostAvailabilityTrackSystem", "RemoteHostAvailabilityTrackSystem\RemoteHostAvailabilityTrackSystem.csproj", "{636E3D00-AA89-47F5-8C94-1873DEFD7A8E}"
EndProject
Global
	GlobalSection(SolutionConfigurationPlatforms) = preSolution
		Debug|Any CPU = Debug|Any CPU
		Release|Any CPU = Release|Any CPU
	EndGlobalSection
	GlobalSection(ProjectConfigurationPlatforms) = postSolution
		{636E3D00-AA89-47F5-8C94-1873DEFD7A8E}.Debug|Any CPU.ActiveCfg = Debug|Any CPU
		{636E3D00-AA89-47F5-8C94-1873DEFD7A8E}.Debug|Any CPU.Build.0 = Debug|Any CPU
		{636E3D00-AA89-47F5-8C94-1873DEFD7A8E}.Release|Any CPU.ActiveCfg = Release|Any CPU
		{636E3D00-AA89-47F5-8C94-1873DEFD7A8E}.Release|Any CPU.Build.0 = Release|Any CPU
	EndGlobalSection
EndGlobal
